// !$*UTF8*$!
{
	archiveVersion = 1;
	classes = {
	};
	objectVersion = 48;
	objects = {

/* Begin PBXBuildFile section */
		3270F59E1FCE61A4002CA020 /* AppDelegate.m in Sources */ = {isa = PBXBuildFile; fileRef = 3270F59D1FCE61A4002CA020 /* AppDelegate.m */; };
		3270F5A11FCE61A4002CA020 /* ViewController.m in Sources */ = {isa = PBXBuildFile; fileRef = 3270F5A01FCE61A4002CA020 /* ViewController.m */; };
		3270F5A41FCE61A4002CA020 /* Main.storyboard in Resources */ = {isa = PBXBuildFile; fileRef = 3270F5A21FCE61A4002CA020 /* Main.storyboard */; };
		3270F5A61FCE61A4002CA020 /* Assets.xcassets in Resources */ = {isa = PBXBuildFile; fileRef = 3270F5A51FCE61A4002CA020 /* Assets.xcassets */; };
		3270F5A91FCE61A4002CA020 /* LaunchScreen.storyboard in Resources */ = {isa = PBXBuildFile; fileRef = 3270F5A71FCE61A4002CA020 /* LaunchScreen.storyboard */; };
		3270F5AC1FCE61A4002CA020 /* main.m in Sources */ = {isa = PBXBuildFile; fileRef = 3270F5AB1FCE61A4002CA020 /* main.m */; };
		3270F5B61FCE61A4002CA020 /* QuickStartObjcExampleAppTests.m in Sources */ = {isa = PBXBuildFile; fileRef = 3270F5B51FCE61A4002CA020 /* QuickStartObjcExampleAppTests.m */; };
		3270F5C11FCE61A4002CA020 /* QuickStartObjcExampleAppUITests.m in Sources */ = {isa = PBXBuildFile; fileRef = 3270F5C01FCE61A4002CA020 /* QuickStartObjcExampleAppUITests.m */; };
/* End PBXBuildFile section */

/* Begin PBXContainerItemProxy section */
		3270F5B21FCE61A4002CA020 /* PBXContainerItemProxy */ = {
			isa = PBXContainerItemProxy;
			containerPortal = 3270F5911FCE61A4002CA020 /* Project object */;
			proxyType = 1;
			remoteGlobalIDString = 3270F5981FCE61A4002CA020;
			remoteInfo = QuickStartObjcExampleApp;
		};
		3270F5BD1FCE61A4002CA020 /* PBXContainerItemProxy */ = {
			isa = PBXContainerItemProxy;
			containerPortal = 3270F5911FCE61A4002CA020 /* Project object */;
			proxyType = 1;
			remoteGlobalIDString = 3270F5981FCE61A4002CA020;
			remoteInfo = QuickStartObjcExampleApp;
		};
/* End PBXContainerItemProxy section */

/* Begin PBXFileReference section */
		3270F5991FCE61A4002CA020 /* QuickStartObjcExampleApp.app */ = {isa = PBXFileReference; explicitFileType = wrapper.application; includeInIndex = 0; path = QuickStartObjcExampleApp.app; sourceTree = BUILT_PRODUCTS_DIR; };
		3270F59C1FCE61A4002CA020 /* AppDelegate.h */ = {isa = PBXFileReference; lastKnownFileType = sourcecode.c.h; path = AppDelegate.h; sourceTree = "<group>"; };
		3270F59D1FCE61A4002CA020 /* AppDelegate.m */ = {isa = PBXFileReference; lastKnownFileType = sourcecode.c.objc; path = AppDelegate.m; sourceTree = "<group>"; };
		3270F59F1FCE61A4002CA020 /* ViewController.h */ = {isa = PBXFileReference; lastKnownFileType = sourcecode.c.h; path = ViewController.h; sourceTree = "<group>"; };
		3270F5A01FCE61A4002CA020 /* ViewController.m */ = {isa = PBXFileReference; lastKnownFileType = sourcecode.c.objc; path = ViewController.m; sourceTree = "<group>"; };
		3270F5A31FCE61A4002CA020 /* Base */ = {isa = PBXFileReference; lastKnownFileType = file.storyboard; name = Base; path = Base.lproj/Main.storyboard; sourceTree = "<group>"; };
		3270F5A51FCE61A4002CA020 /* Assets.xcassets */ = {isa = PBXFileReference; lastKnownFileType = folder.assetcatalog; path = Assets.xcassets; sourceTree = "<group>"; };
		3270F5A81FCE61A4002CA020 /* Base */ = {isa = PBXFileReference; lastKnownFileType = file.storyboard; name = Base; path = Base.lproj/LaunchScreen.storyboard; sourceTree = "<group>"; };
		3270F5AA1FCE61A4002CA020 /* Info.plist */ = {isa = PBXFileReference; lastKnownFileType = text.plist.xml; path = Info.plist; sourceTree = "<group>"; };
		3270F5AB1FCE61A4002CA020 /* main.m */ = {isa = PBXFileReference; lastKnownFileType = sourcecode.c.objc; path = main.m; sourceTree = "<group>"; };
		3270F5B11FCE61A4002CA020 /* QuickStartObjcExampleAppTests.xctest */ = {isa = PBXFileReference; explicitFileType = wrapper.cfbundle; includeInIndex = 0; path = QuickStartObjcExampleAppTests.xctest; sourceTree = BUILT_PRODUCTS_DIR; };
		3270F5B51FCE61A4002CA020 /* QuickStartObjcExampleAppTests.m */ = {isa = PBXFileReference; lastKnownFileType = sourcecode.c.objc; path = QuickStartObjcExampleAppTests.m; sourceTree = "<group>"; };
		3270F5B71FCE61A4002CA020 /* Info.plist */ = {isa = PBXFileReference; lastKnownFileType = text.plist.xml; path = Info.plist; sourceTree = "<group>"; };
		3270F5BC1FCE61A4002CA020 /* QuickStartObjcExampleAppUITests.xctest */ = {isa = PBXFileReference; explicitFileType = wrapper.cfbundle; includeInIndex = 0; path = QuickStartObjcExampleAppUITests.xctest; sourceTree = BUILT_PRODUCTS_DIR; };
		3270F5C01FCE61A4002CA020 /* QuickStartObjcExampleAppUITests.m */ = {isa = PBXFileReference; lastKnownFileType = sourcecode.c.objc; path = QuickStartObjcExampleAppUITests.m; sourceTree = "<group>"; };
		3270F5C21FCE61A4002CA020 /* Info.plist */ = {isa = PBXFileReference; lastKnownFileType = text.plist.xml; path = Info.plist; sourceTree = "<group>"; };
/* End PBXFileReference section */

/* Begin PBXFrameworksBuildPhase section */
		3270F5961FCE61A4002CA020 /* Frameworks */ = {
			isa = PBXFrameworksBuildPhase;
			buildActionMask = 2147483647;
			files = (
			);
			runOnlyForDeploymentPostprocessing = 0;
		};
		3270F5AE1FCE61A4002CA020 /* Frameworks */ = {
			isa = PBXFrameworksBuildPhase;
			buildActionMask = 2147483647;
			files = (
			);
			runOnlyForDeploymentPostprocessing = 0;
		};
		3270F5B91FCE61A4002CA020 /* Frameworks */ = {
			isa = PBXFrameworksBuildPhase;
			buildActionMask = 2147483647;
			files = (
			);
			runOnlyForDeploymentPostprocessing = 0;
		};
/* End PBXFrameworksBuildPhase section */

/* Begin PBXGroup section */
		3270F5901FCE61A4002CA020 = {
			isa = PBXGroup;
			children = (
				3270F59B1FCE61A4002CA020 /* QuickStartObjcExampleApp */,
				3270F5B41FCE61A4002CA020 /* QuickStartObjcExampleAppTests */,
				3270F5BF1FCE61A4002CA020 /* QuickStartObjcExampleAppUITests */,
				3270F59A1FCE61A4002CA020 /* Products */,
			);
			sourceTree = "<group>";
		};
		3270F59A1FCE61A4002CA020 /* Products */ = {
			isa = PBXGroup;
			children = (
				3270F5991FCE61A4002CA020 /* QuickStartObjcExampleApp.app */,
				3270F5B11FCE61A4002CA020 /* QuickStartObjcExampleAppTests.xctest */,
				3270F5BC1FCE61A4002CA020 /* QuickStartObjcExampleAppUITests.xctest */,
			);
			name = Products;
			sourceTree = "<group>";
		};
		3270F59B1FCE61A4002CA020 /* QuickStartObjcExampleApp */ = {
			isa = PBXGroup;
			children = (
				3270F59C1FCE61A4002CA020 /* AppDelegate.h */,
				3270F59D1FCE61A4002CA020 /* AppDelegate.m */,
				3270F59F1FCE61A4002CA020 /* ViewController.h */,
				3270F5A01FCE61A4002CA020 /* ViewController.m */,
				3270F5A21FCE61A4002CA020 /* Main.storyboard */,
				3270F5A51FCE61A4002CA020 /* Assets.xcassets */,
				3270F5A71FCE61A4002CA020 /* LaunchScreen.storyboard */,
				3270F5AA1FCE61A4002CA020 /* Info.plist */,
				3270F5AB1FCE61A4002CA020 /* main.m */,
			);
			path = QuickStartObjcExampleApp;
			sourceTree = "<group>";
		};
		3270F5B41FCE61A4002CA020 /* QuickStartObjcExampleAppTests */ = {
			isa = PBXGroup;
			children = (
				3270F5B51FCE61A4002CA020 /* QuickStartObjcExampleAppTests.m */,
				3270F5B71FCE61A4002CA020 /* Info.plist */,
			);
			path = QuickStartObjcExampleAppTests;
			sourceTree = "<group>";
		};
		3270F5BF1FCE61A4002CA020 /* QuickStartObjcExampleAppUITests */ = {
			isa = PBXGroup;
			children = (
				3270F5C01FCE61A4002CA020 /* QuickStartObjcExampleAppUITests.m */,
				3270F5C21FCE61A4002CA020 /* Info.plist */,
			);
			path = QuickStartObjcExampleAppUITests;
			sourceTree = "<group>";
		};
/* End PBXGroup section */

/* Begin PBXNativeTarget section */
		3270F5981FCE61A4002CA020 /* QuickStartObjcExampleApp */ = {
			isa = PBXNativeTarget;
			buildConfigurationList = 3270F5C51FCE61A4002CA020 /* Build configuration list for PBXNativeTarget "QuickStartObjcExampleApp" */;
			buildPhases = (
				3270F5951FCE61A4002CA020 /* Sources */,
				3270F5961FCE61A4002CA020 /* Frameworks */,
				3270F5971FCE61A4002CA020 /* Resources */,
			);
			buildRules = (
			);
			dependencies = (
			);
			name = QuickStartObjcExampleApp;
			productName = QuickStartObjcExampleApp;
			productReference = 3270F5991FCE61A4002CA020 /* QuickStartObjcExampleApp.app */;
			productType = "com.apple.product-type.application";
		};
		3270F5B01FCE61A4002CA020 /* QuickStartObjcExampleAppTests */ = {
			isa = PBXNativeTarget;
			buildConfigurationList = 3270F5C81FCE61A4002CA020 /* Build configuration list for PBXNativeTarget "QuickStartObjcExampleAppTests" */;
			buildPhases = (
				3270F5AD1FCE61A4002CA020 /* Sources */,
				3270F5AE1FCE61A4002CA020 /* Frameworks */,
				3270F5AF1FCE61A4002CA020 /* Resources */,
			);
			buildRules = (
			);
			dependencies = (
				3270F5B31FCE61A4002CA020 /* PBXTargetDependency */,
			);
			name = QuickStartObjcExampleAppTests;
			productName = QuickStartObjcExampleAppTests;
			productReference = 3270F5B11FCE61A4002CA020 /* QuickStartObjcExampleAppTests.xctest */;
			productType = "com.apple.product-type.bundle.unit-test";
		};
		3270F5BB1FCE61A4002CA020 /* QuickStartObjcExampleAppUITests */ = {
			isa = PBXNativeTarget;
			buildConfigurationList = 3270F5CB1FCE61A4002CA020 /* Build configuration list for PBXNativeTarget "QuickStartObjcExampleAppUITests" */;
			buildPhases = (
				3270F5B81FCE61A4002CA020 /* Sources */,
				3270F5B91FCE61A4002CA020 /* Frameworks */,
				3270F5BA1FCE61A4002CA020 /* Resources */,
			);
			buildRules = (
			);
			dependencies = (
				3270F5BE1FCE61A4002CA020 /* PBXTargetDependency */,
			);
			name = QuickStartObjcExampleAppUITests;
			productName = QuickStartObjcExampleAppUITests;
			productReference = 3270F5BC1FCE61A4002CA020 /* QuickStartObjcExampleAppUITests.xctest */;
			productType = "com.apple.product-type.bundle.ui-testing";
		};
/* End PBXNativeTarget section */

/* Begin PBXProject section */
		3270F5911FCE61A4002CA020 /* Project object */ = {
			isa = PBXProject;
			attributes = {
				LastUpgradeCheck = 0910;
				ORGANIZATIONNAME = Back4App;
				TargetAttributes = {
					3270F5981FCE61A4002CA020 = {
						CreatedOnToolsVersion = 9.1;
						ProvisioningStyle = Automatic;
					};
					3270F5B01FCE61A4002CA020 = {
						CreatedOnToolsVersion = 9.1;
						ProvisioningStyle = Automatic;
						TestTargetID = 3270F5981FCE61A4002CA020;
					};
					3270F5BB1FCE61A4002CA020 = {
						CreatedOnToolsVersion = 9.1;
						ProvisioningStyle = Automatic;
						TestTargetID = 3270F5981FCE61A4002CA020;
					};
				};
			};
			buildConfigurationList = 3270F5941FCE61A4002CA020 /* Build configuration list for PBXProject "QuickStartObjcExampleApp" */;
			compatibilityVersion = "Xcode 8.0";
			developmentRegion = en;
			hasScannedForEncodings = 0;
			knownRegions = (
				en,
				Base,
			);
			mainGroup = 3270F5901FCE61A4002CA020;
			productRefGroup = 3270F59A1FCE61A4002CA020 /* Products */;
			projectDirPath = "";
			projectRoot = "";
			targets = (
				3270F5981FCE61A4002CA020 /* QuickStartObjcExampleApp */,
				3270F5B01FCE61A4002CA020 /* QuickStartObjcExampleAppTests */,
				3270F5BB1FCE61A4002CA020 /* QuickStartObjcExampleAppUITests */,
			);
		};
/* End PBXProject section */

/* Begin PBXResourcesBuildPhase section */
		3270F5971FCE61A4002CA020 /* Resources */ = {
			isa = PBXResourcesBuildPhase;
			buildActionMask = 2147483647;
			files = (
				3270F5A91FCE61A4002CA020 /* LaunchScreen.storyboard in Resources */,
				3270F5A61FCE61A4002CA020 /* Assets.xcassets in Resources */,
				3270F5A41FCE61A4002CA020 /* Main.storyboard in Resources */,
			);
			runOnlyForDeploymentPostprocessing = 0;
		};
		3270F5AF1FCE61A4002CA020 /* Resources */ = {
			isa = PBXResourcesBuildPhase;
			buildActionMask = 2147483647;
			files = (
			);
			runOnlyForDeploymentPostprocessing = 0;
		};
		3270F5BA1FCE61A4002CA020 /* Resources */ = {
			isa = PBXResourcesBuildPhase;
			buildActionMask = 2147483647;
			files = (
			);
			runOnlyForDeploymentPostprocessing = 0;
		};
/* End PBXResourcesBuildPhase section */

/* Begin PBXSourcesBuildPhase section */
		3270F5951FCE61A4002CA020 /* Sources */ = {
			isa = PBXSourcesBuildPhase;
			buildActionMask = 2147483647;
			files = (
				3270F5A11FCE61A4002CA020 /* ViewController.m in Sources */,
				3270F5AC1FCE61A4002CA020 /* main.m in Sources */,
				3270F59E1FCE61A4002CA020 /* AppDelegate.m in Sources */,
			);
			runOnlyForDeploymentPostprocessing = 0;
		};
		3270F5AD1FCE61A4002CA020 /* Sources */ = {
			isa = PBXSourcesBuildPhase;
			buildActionMask = 2147483647;
			files = (
				3270F5B61FCE61A4002CA020 /* QuickStartObjcExampleAppTests.m in Sources */,
			);
			runOnlyForDeploymentPostprocessing = 0;
		};
		3270F5B81FCE61A4002CA020 /* Sources */ = {
			isa = PBXSourcesBuildPhase;
			buildActionMask = 2147483647;
			files = (
				3270F5C11FCE61A4002CA020 /* QuickStartObjcExampleAppUITests.m in Sources */,
			);
			runOnlyForDeploymentPostprocessing = 0;
		};
/* End PBXSourcesBuildPhase section */

/* Begin PBXTargetDependency section */
		3270F5B31FCE61A4002CA020 /* PBXTargetDependency */ = {
			isa = PBXTargetDependency;
			target = 3270F5981FCE61A4002CA020 /* QuickStartObjcExampleApp */;
			targetProxy = 3270F5B21FCE61A4002CA020 /* PBXContainerItemProxy */;
		};
		3270F5BE1FCE61A4002CA020 /* PBXTargetDependency */ = {
			isa = PBXTargetDependency;
			target = 3270F5981FCE61A4002CA020 /* QuickStartObjcExampleApp */;
			targetProxy = 3270F5BD1FCE61A4002CA020 /* PBXContainerItemProxy */;
		};
/* End PBXTargetDependency section */

/* Begin PBXVariantGroup section */
		3270F5A21FCE61A4002CA020 /* Main.storyboard */ = {
			isa = PBXVariantGroup;
			children = (
				3270F5A31FCE61A4002CA020 /* Base */,
			);
			name = Main.storyboard;
			sourceTree = "<group>";
		};
		3270F5A71FCE61A4002CA020 /* LaunchScreen.storyboard */ = {
			isa = PBXVariantGroup;
			children = (
				3270F5A81FCE61A4002CA020 /* Base */,
			);
			name = LaunchScreen.storyboard;
			sourceTree = "<group>";
		};
/* End PBXVariantGroup section */

/* Begin XCBuildConfiguration section */
		3270F5C31FCE61A4002CA020 /* Debug */ = {
			isa = XCBuildConfiguration;
			buildSettings = {
				ALWAYS_SEARCH_USER_PATHS = NO;
				CLANG_ANALYZER_NONNULL = YES;
				CLANG_ANALYZER_NUMBER_OBJECT_CONVERSION = YES_AGGRESSIVE;
				CLANG_CXX_LANGUAGE_STANDARD = "gnu++14";
				CLANG_CXX_LIBRARY = "libc++";
				CLANG_ENABLE_MODULES = YES;
				CLANG_ENABLE_OBJC_ARC = YES;
				CLANG_WARN_BLOCK_CAPTURE_AUTORELEASING = YES;
				CLANG_WARN_BOOL_CONVERSION = YES;
				CLANG_WARN_COMMA = YES;
				CLANG_WARN_CONSTANT_CONVERSION = YES;
				CLANG_WARN_DIRECT_OBJC_ISA_USAGE = YES_ERROR;
				CLANG_WARN_DOCUMENTATION_COMMENTS = YES;
				CLANG_WARN_EMPTY_BODY = YES;
				CLANG_WARN_ENUM_CONVERSION = YES;
				CLANG_WARN_INFINITE_RECURSION = YES;
				CLANG_WARN_INT_CONVERSION = YES;
				CLANG_WARN_NON_LITERAL_NULL_CONVERSION = YES;
				CLANG_WARN_OBJC_LITERAL_CONVERSION = YES;
				CLANG_WARN_OBJC_ROOT_CLASS = YES_ERROR;
				CLANG_WARN_RANGE_LOOP_ANALYSIS = YES;
				CLANG_WARN_STRICT_PROTOTYPES = YES;
				CLANG_WARN_SUSPICIOUS_MOVE = YES;
				CLANG_WARN_UNGUARDED_AVAILABILITY = YES_AGGRESSIVE;
				CLANG_WARN_UNREACHABLE_CODE = YES;
				CLANG_WARN__DUPLICATE_METHOD_MATCH = YES;
				CODE_SIGN_IDENTITY = "iPhone Developer";
				COPY_PHASE_STRIP = NO;
				DEBUG_INFORMATION_FORMAT = dwarf;
				ENABLE_STRICT_OBJC_MSGSEND = YES;
				ENABLE_TESTABILITY = YES;
				GCC_C_LANGUAGE_STANDARD = gnu11;
				GCC_DYNAMIC_NO_PIC = NO;
				GCC_NO_COMMON_BLOCKS = YES;
				GCC_OPTIMIZATION_LEVEL = 0;
				GCC_PREPROCESSOR_DEFINITIONS = (
					"DEBUG=1",
					"$(inherited)",
				);
				GCC_WARN_64_TO_32_BIT_CONVERSION = YES;
				GCC_WARN_ABOUT_RETURN_TYPE = YES_ERROR;
				GCC_WARN_UNDECLARED_SELECTOR = YES;
				GCC_WARN_UNINITIALIZED_AUTOS = YES_AGGRESSIVE;
				GCC_WARN_UNUSED_FUNCTION = YES;
				GCC_WARN_UNUSED_VARIABLE = YES;
				IPHONEOS_DEPLOYMENT_TARGET = 11.1;
				MTL_ENABLE_DEBUG_INFO = YES;
				ONLY_ACTIVE_ARCH = YES;
				SDKROOT = iphoneos;
			};
			name = Debug;
		};
		3270F5C41FCE61A4002CA020 /* Release */ = {
			isa = XCBuildConfiguration;
			buildSettings = {
				ALWAYS_SEARCH_USER_PATHS = NO;
				CLANG_ANALYZER_NONNULL = YES;
				CLANG_ANALYZER_NUMBER_OBJECT_CONVERSION = YES_AGGRESSIVE;
				CLANG_CXX_LANGUAGE_STANDARD = "gnu++14";
				CLANG_CXX_LIBRARY = "libc++";
				CLANG_ENABLE_MODULES = YES;
				CLANG_ENABLE_OBJC_ARC = YES;
				CLANG_WARN_BLOCK_CAPTURE_AUTORELEASING = YES;
				CLANG_WARN_BOOL_CONVERSION = YES;
				CLANG_WARN_COMMA = YES;
				CLANG_WARN_CONSTANT_CONVERSION = YES;
				CLANG_WARN_DIRECT_OBJC_ISA_USAGE = YES_ERROR;
				CLANG_WARN_DOCUMENTATION_COMMENTS = YES;
				CLANG_WARN_EMPTY_BODY = YES;
				CLANG_WARN_ENUM_CONVERSION = YES;
				CLANG_WARN_INFINITE_RECURSION = YES;
				CLANG_WARN_INT_CONVERSION = YES;
				CLANG_WARN_NON_LITERAL_NULL_CONVERSION = YES;
				CLANG_WARN_OBJC_LITERAL_CONVERSION = YES;
				CLANG_WARN_OBJC_ROOT_CLASS = YES_ERROR;
				CLANG_WARN_RANGE_LOOP_ANALYSIS = YES;
				CLANG_WARN_STRICT_PROTOTYPES = YES;
				CLANG_WARN_SUSPICIOUS_MOVE = YES;
				CLANG_WARN_UNGUARDED_AVAILABILITY = YES_AGGRESSIVE;
				CLANG_WARN_UNREACHABLE_CODE = YES;
				CLANG_WARN__DUPLICATE_METHOD_MATCH = YES;
				CODE_SIGN_IDENTITY = "iPhone Developer";
				COPY_PHASE_STRIP = NO;
				DEBUG_INFORMATION_FORMAT = "dwarf-with-dsym";
				ENABLE_NS_ASSERTIONS = NO;
				ENABLE_STRICT_OBJC_MSGSEND = YES;
				GCC_C_LANGUAGE_STANDARD = gnu11;
				GCC_NO_COMMON_BLOCKS = YES;
				GCC_WARN_64_TO_32_BIT_CONVERSION = YES;
				GCC_WARN_ABOUT_RETURN_TYPE = YES_ERROR;
				GCC_WARN_UNDECLARED_SELECTOR = YES;
				GCC_WARN_UNINITIALIZED_AUTOS = YES_AGGRESSIVE;
				GCC_WARN_UNUSED_FUNCTION = YES;
				GCC_WARN_UNUSED_VARIABLE = YES;
				IPHONEOS_DEPLOYMENT_TARGET = 11.1;
				MTL_ENABLE_DEBUG_INFO = NO;
				SDKROOT = iphoneos;
				VALIDATE_PRODUCT = YES;
			};
			name = Release;
		};
		3270F5C61FCE61A4002CA020 /* Debug */ = {
			isa = XCBuildConfiguration;
			buildSettings = {
				ASSETCATALOG_COMPILER_APPICON_NAME = AppIcon;
				CODE_SIGN_STYLE = Automatic;
				DEVELOPMENT_TEAM = 6YE8HKHMPN;
				INFOPLIST_FILE = QuickStartObjcExampleApp/Info.plist;
				LD_RUNPATH_SEARCH_PATHS = "$(inherited) @executable_path/Frameworks";
				PRODUCT_BUNDLE_IDENTIFIER = com.back4app.QuickStartObjcExampleApp;
				PRODUCT_NAME = "$(TARGET_NAME)";
				TARGETED_DEVICE_FAMILY = "1,2";
			};
			name = Debug;
		};
		3270F5C71FCE61A4002CA020 /* Release */ = {
			isa = XCBuildConfiguration;
			buildSettings = {
				ASSETCATALOG_COMPILER_APPICON_NAME = AppIcon;
				CODE_SIGN_STYLE = Automatic;
				DEVELOPMENT_TEAM = 6YE8HKHMPN;
				INFOPLIST_FILE = QuickStartObjcExampleApp/Info.plist;
				LD_RUNPATH_SEARCH_PATHS = "$(inherited) @executable_path/Frameworks";
				PRODUCT_BUNDLE_IDENTIFIER = com.back4app.QuickStartObjcExampleApp;
				PRODUCT_NAME = "$(TARGET_NAME)";
				TARGETED_DEVICE_FAMILY = "1,2";
			};
			name = Release;
		};
		3270F5C91FCE61A4002CA020 /* Debug */ = {
			isa = XCBuildConfiguration;
			buildSettings = {
				BUNDLE_LOADER = "$(TEST_HOST)";
				CODE_SIGN_STYLE = Automatic;
				DEVELOPMENT_TEAM = 6YE8HKHMPN;
				INFOPLIST_FILE = QuickStartObjcExampleAppTests/Info.plist;
				LD_RUNPATH_SEARCH_PATHS = "$(inherited) @executable_path/Frameworks @loader_path/Frameworks";
				PRODUCT_BUNDLE_IDENTIFIER = com.back4app.QuickStartObjcExampleAppTests;
				PRODUCT_NAME = "$(TARGET_NAME)";
				TARGETED_DEVICE_FAMILY = "1,2";
				TEST_HOST = "$(BUILT_PRODUCTS_DIR)/QuickStartObjcExampleApp.app/QuickStartObjcExampleApp";
			};
			name = Debug;
		};
		3270F5CA1FCE61A4002CA020 /* Release */ = {
			isa = XCBuildConfiguration;
			buildSettings = {
				BUNDLE_LOADER = "$(TEST_HOST)";
				CODE_SIGN_STYLE = Automatic;
				DEVELOPMENT_TEAM = 6YE8HKHMPN;
				INFOPLIST_FILE = QuickStartObjcExampleAppTests/Info.plist;
				LD_RUNPATH_SEARCH_PATHS = "$(inherited) @executable_path/Frameworks @loader_path/Frameworks";
				PRODUCT_BUNDLE_IDENTIFIER = com.back4app.QuickStartObjcExampleAppTests;
				PRODUCT_NAME = "$(TARGET_NAME)";
				TARGETED_DEVICE_FAMILY = "1,2";
				TEST_HOST = "$(BUILT_PRODUCTS_DIR)/QuickStartObjcExampleApp.app/QuickStartObjcExampleApp";
			};
			name = Release;
		};
		3270F5CC1FCE61A4002CA020 /* Debug */ = {
			isa = XCBuildConfiguration;
			buildSettings = {
				CODE_SIGN_STYLE = Automatic;
				DEVELOPMENT_TEAM = 6YE8HKHMPN;
				INFOPLIST_FILE = QuickStartObjcExampleAppUITests/Info.plist;
				LD_RUNPATH_SEARCH_PATHS = "$(inherited) @executable_path/Frameworks @loader_path/Frameworks";
				PRODUCT_BUNDLE_IDENTIFIER = com.back4app.QuickStartObjcExampleAppUITests;
				PRODUCT_NAME = "$(TARGET_NAME)";
				TARGETED_DEVICE_FAMILY = "1,2";
				TEST_TARGET_NAME = QuickStartObjcExampleApp;
			};
			name = Debug;
		};
		3270F5CD1FCE61A4002CA020 /* Release */ = {
			isa = XCBuildConfiguration;
			buildSettings = {
				CODE_SIGN_STYLE = Automatic;
				DEVELOPMENT_TEAM = 6YE8HKHMPN;
				INFOPLIST_FILE = QuickStartObjcExampleAppUITests/Info.plist;
				LD_RUNPATH_SEARCH_PATHS = "$(inherited) @executable_path/Frameworks @loader_path/Frameworks";
				PRODUCT_BUNDLE_IDENTIFIER = com.back4app.QuickStartObjcExampleAppUITests;
				PRODUCT_NAME = "$(TARGET_NAME)";
				TARGETED_DEVICE_FAMILY = "1,2";
				TEST_TARGET_NAME = QuickStartObjcExampleApp;
			};
			name = Release;
		};
/* End XCBuildConfiguration section */

/* Begin XCConfigurationList section */
		3270F5941FCE61A4002CA020 /* Build configuration list for PBXProject "QuickStartObjcExampleApp" */ = {
			isa = XCConfigurationList;
			buildConfigurations = (
				3270F5C31FCE61A4002CA020 /* Debug */,
				3270F5C41FCE61A4002CA020 /* Release */,
			);
			defaultConfigurationIsVisible = 0;
			defaultConfigurationName = Release;
		};
		3270F5C51FCE61A4002CA020 /* Build configuration list for PBXNativeTarget "QuickStartObjcExampleApp" */ = {
			isa = XCConfigurationList;
			buildConfigurations = (
				3270F5C61FCE61A4002CA020 /* Debug */,
				3270F5C71FCE61A4002CA020 /* Release */,
			);
			defaultConfigurationIsVisible = 0;
			defaultConfigurationName = Release;
		};
		3270F5C81FCE61A4002CA020 /* Build configuration list for PBXNativeTarget "QuickStartObjcExampleAppTests" */ = {
			isa = XCConfigurationList;
			buildConfigurations = (
				3270F5C91FCE61A4002CA020 /* Debug */,
				3270F5CA1FCE61A4002CA020 /* Release */,
			);
			defaultConfigurationIsVisible = 0;
			defaultConfigurationName = Release;
		};
		3270F5CB1FCE61A4002CA020 /* Build configuration list for PBXNativeTarget "QuickStartObjcExampleAppUITests" */ = {
			isa = XCConfigurationList;
			buildConfigurations = (
				3270F5CC1FCE61A4002CA020 /* Debug */,
				3270F5CD1FCE61A4002CA020 /* Release */,
			);
			defaultConfigurationIsVisible = 0;
			defaultConfigurationName = Release;
		};
/* End XCConfigurationList section */
	};
	rootObject = 3270F5911FCE61A4002CA020 /* Project object */;
}
